// !$*UTF8*$!
{
	archiveVersion = 1;
	classes = {
	};
	objectVersion = 56;
	objects = {

/* Begin PBXBuildFile section */
		F4CBAB592A0C0A7C00C9AF60 /* rstAppApp.swift in Sources */ = {isa = PBXBuildFile; fileRef = F4CBAB582A0C0A7C00C9AF60 /* rstAppApp.swift */; };
		F4CBAB5B2A0C0A7C00C9AF60 /* MainView.swift in Sources */ = {isa = PBXBuildFile; fileRef = F4CBAB5A2A0C0A7C00C9AF60 /* MainView.swift */; };
		F4CBAB5D2A0C0A7D00C9AF60 /* Assets.xcassets in Resources */ = {isa = PBXBuildFile; fileRef = F4CBAB5C2A0C0A7D00C9AF60 /* Assets.xcassets */; };
		F4CBAB602A0C0A7D00C9AF60 /* Preview Assets.xcassets in Resources */ = {isa = PBXBuildFile; fileRef = F4CBAB5F2A0C0A7D00C9AF60 /* Preview Assets.xcassets */; };
		F4CBAB6C2A0C0C2000C9AF60 /* SDWebImageSwiftUI in Frameworks */ = {isa = PBXBuildFile; productRef = F4CBAB6B2A0C0C2000C9AF60 /* SDWebImageSwiftUI */; };
		F4CBAB6F2A0C104300C9AF60 /* AppDelegate.swift in Sources */ = {isa = PBXBuildFile; fileRef = F4CBAB6E2A0C104300C9AF60 /* AppDelegate.swift */; };
		F4CBAB712A0C138A00C9AF60 /* ScheduleItem.swift in Sources */ = {isa = PBXBuildFile; fileRef = F4CBAB702A0C138A00C9AF60 /* ScheduleItem.swift */; };
		F4CBAB732A0C15A600C9AF60 /* Facility.swift in Sources */ = {isa = PBXBuildFile; fileRef = F4CBAB722A0C15A600C9AF60 /* Facility.swift */; };
		F4CBAB752A0C17F900C9AF60 /* CategoryItem.swift in Sources */ = {isa = PBXBuildFile; fileRef = F4CBAB742A0C17F900C9AF60 /* CategoryItem.swift */; };
		F4CBAB782A0CA37B00C9AF60 /* Color+Ext.swift in Sources */ = {isa = PBXBuildFile; fileRef = F4CBAB772A0CA37B00C9AF60 /* Color+Ext.swift */; };
		F4CBAB7B2A0CD96C00C9AF60 /* CategoryView.swift in Sources */ = {isa = PBXBuildFile; fileRef = F4CBAB7A2A0CD96C00C9AF60 /* CategoryView.swift */; };
		F4CBAB7D2A0CDD1200C9AF60 /* APIDataResult.swift in Sources */ = {isa = PBXBuildFile; fileRef = F4CBAB7C2A0CDD1200C9AF60 /* APIDataResult.swift */; };
		F4CBAB812A0CF29F00C9AF60 /* DataApi.swift in Sources */ = {isa = PBXBuildFile; fileRef = F4CBAB802A0CF29F00C9AF60 /* DataApi.swift */; };
		F4CBAB832A0CF62B00C9AF60 /* NetworkService.swift in Sources */ = {isa = PBXBuildFile; fileRef = F4CBAB822A0CF62B00C9AF60 /* NetworkService.swift */; };
		F4CBAB862A0D0DF000C9AF60 /* CategoryRowView.swift in Sources */ = {isa = PBXBuildFile; fileRef = F4CBAB852A0D0DF000C9AF60 /* CategoryRowView.swift */; };
		F4CBAB892A0D187F00C9AF60 /* FacilityRowView.swift in Sources */ = {isa = PBXBuildFile; fileRef = F4CBAB882A0D187F00C9AF60 /* FacilityRowView.swift */; };
		F4CBAB8B2A0D302000C9AF60 /* AppConst.swift in Sources */ = {isa = PBXBuildFile; fileRef = F4CBAB8A2A0D302000C9AF60 /* AppConst.swift */; };
		F4FB5B422A0D3CAF00361BF3 /* RstColor.swift in Sources */ = {isa = PBXBuildFile; fileRef = F4FB5B412A0D3CAF00361BF3 /* RstColor.swift */; };
		F4FB5B452A0D3EC000361BF3 /* IfModifier.swift in Sources */ = {isa = PBXBuildFile; fileRef = F4FB5B442A0D3EC000361BF3 /* IfModifier.swift */; };
/* End PBXBuildFile section */

/* Begin PBXFileReference section */
		F4CBAB552A0C0A7C00C9AF60 /* rstApp.app */ = {isa = PBXFileReference; explicitFileType = wrapper.application; includeInIndex = 0; path = rstApp.app; sourceTree = BUILT_PRODUCTS_DIR; };
		F4CBAB582A0C0A7C00C9AF60 /* rstAppApp.swift */ = {isa = PBXFileReference; lastKnownFileType = sourcecode.swift; path = rstAppApp.swift; sourceTree = "<group>"; };
		F4CBAB5A2A0C0A7C00C9AF60 /* MainView.swift */ = {isa = PBXFileReference; lastKnownFileType = sourcecode.swift; path = MainView.swift; sourceTree = "<group>"; };
		F4CBAB5C2A0C0A7D00C9AF60 /* Assets.xcassets */ = {isa = PBXFileReference; lastKnownFileType = folder.assetcatalog; path = Assets.xcassets; sourceTree = "<group>"; };
		F4CBAB5F2A0C0A7D00C9AF60 /* Preview Assets.xcassets */ = {isa = PBXFileReference; lastKnownFileType = folder.assetcatalog; path = "Preview Assets.xcassets"; sourceTree = "<group>"; };
		F4CBAB6E2A0C104300C9AF60 /* AppDelegate.swift */ = {isa = PBXFileReference; lastKnownFileType = sourcecode.swift; path = AppDelegate.swift; sourceTree = "<group>"; };
		F4CBAB702A0C138A00C9AF60 /* ScheduleItem.swift */ = {isa = PBXFileReference; lastKnownFileType = sourcecode.swift; path = ScheduleItem.swift; sourceTree = "<group>"; };
		F4CBAB722A0C15A600C9AF60 /* Facility.swift */ = {isa = PBXFileReference; lastKnownFileType = sourcecode.swift; path = Facility.swift; sourceTree = "<group>"; };
		F4CBAB742A0C17F900C9AF60 /* CategoryItem.swift */ = {isa = PBXFileReference; lastKnownFileType = sourcecode.swift; path = CategoryItem.swift; sourceTree = "<group>"; };
		F4CBAB772A0CA37B00C9AF60 /* Color+Ext.swift */ = {isa = PBXFileReference; lastKnownFileType = sourcecode.swift; path = "Color+Ext.swift"; sourceTree = "<group>"; };
		F4CBAB7A2A0CD96C00C9AF60 /* CategoryView.swift */ = {isa = PBXFileReference; lastKnownFileType = sourcecode.swift; path = CategoryView.swift; sourceTree = "<group>"; };
		F4CBAB7C2A0CDD1200C9AF60 /* APIDataResult.swift */ = {isa = PBXFileReference; lastKnownFileType = sourcecode.swift; path = APIDataResult.swift; sourceTree = "<group>"; };
		F4CBAB802A0CF29F00C9AF60 /* DataApi.swift */ = {isa = PBXFileReference; lastKnownFileType = sourcecode.swift; path = DataApi.swift; sourceTree = "<group>"; };
		F4CBAB822A0CF62B00C9AF60 /* NetworkService.swift */ = {isa = PBXFileReference; lastKnownFileType = sourcecode.swift; path = NetworkService.swift; sourceTree = "<group>"; };
		F4CBAB852A0D0DF000C9AF60 /* CategoryRowView.swift */ = {isa = PBXFileReference; lastKnownFileType = sourcecode.swift; path = CategoryRowView.swift; sourceTree = "<group>"; };
		F4CBAB882A0D187F00C9AF60 /* FacilityRowView.swift */ = {isa = PBXFileReference; lastKnownFileType = sourcecode.swift; path = FacilityRowView.swift; sourceTree = "<group>"; };
		F4CBAB8A2A0D302000C9AF60 /* AppConst.swift */ = {isa = PBXFileReference; lastKnownFileType = sourcecode.swift; path = AppConst.swift; sourceTree = "<group>"; };
		F4FB5B412A0D3CAF00361BF3 /* RstColor.swift */ = {isa = PBXFileReference; lastKnownFileType = sourcecode.swift; path = RstColor.swift; sourceTree = "<group>"; };
		F4FB5B442A0D3EC000361BF3 /* IfModifier.swift */ = {isa = PBXFileReference; lastKnownFileType = sourcecode.swift; path = IfModifier.swift; sourceTree = "<group>"; };
/* End PBXFileReference section */

/* Begin PBXFrameworksBuildPhase section */
		F4CBAB522A0C0A7C00C9AF60 /* Frameworks */ = {
			isa = PBXFrameworksBuildPhase;
			buildActionMask = 2147483647;
			files = (
				F4CBAB6C2A0C0C2000C9AF60 /* SDWebImageSwiftUI in Frameworks */,
			);
			runOnlyForDeploymentPostprocessing = 0;
		};
/* End PBXFrameworksBuildPhase section */

/* Begin PBXGroup section */
		F4CBAB4C2A0C0A7C00C9AF60 = {
			isa = PBXGroup;
			children = (
				F4CBAB572A0C0A7C00C9AF60 /* rstApp */,
				F4CBAB562A0C0A7C00C9AF60 /* Products */,
			);
			sourceTree = "<group>";
		};
		F4CBAB562A0C0A7C00C9AF60 /* Products */ = {
			isa = PBXGroup;
			children = (
				F4CBAB552A0C0A7C00C9AF60 /* rstApp.app */,
			);
			name = Products;
			sourceTree = "<group>";
		};
		F4CBAB572A0C0A7C00C9AF60 /* rstApp */ = {
			isa = PBXGroup;
			children = (
				F4CBAB692A0C0B9500C9AF60 /* Resources */,
				F4CBAB762A0CA2B200C9AF60 /* Extensions */,
				F4CBAB6D2A0C0C3A00C9AF60 /* Models */,
				F4CBAB7E2A0CF26A00C9AF60 /* Services */,
				F4FB5B432A0D3EAA00361BF3 /* Styles */,
				F4CBAB662A0C0AF600C9AF60 /* App */,
				F4CBAB5E2A0C0A7D00C9AF60 /* Preview Content */,
			);
			path = rstApp;
			sourceTree = "<group>";
		};
		F4CBAB5E2A0C0A7D00C9AF60 /* Preview Content */ = {
			isa = PBXGroup;
			children = (
				F4CBAB5F2A0C0A7D00C9AF60 /* Preview Assets.xcassets */,
			);
			path = "Preview Content";
			sourceTree = "<group>";
		};
		F4CBAB662A0C0AF600C9AF60 /* App */ = {
			isa = PBXGroup;
			children = (
				F4CBAB6E2A0C104300C9AF60 /* AppDelegate.swift */,
				F4CBAB582A0C0A7C00C9AF60 /* rstAppApp.swift */,
				F4CBAB672A0C0B7000C9AF60 /* Flows */,
			);
			path = App;
			sourceTree = "<group>";
		};
		F4CBAB672A0C0B7000C9AF60 /* Flows */ = {
			isa = PBXGroup;
			children = (
				F4CBAB682A0C0B7E00C9AF60 /* Main */,
				F4CBAB792A0CD8BD00C9AF60 /* Category */,
			);
			path = Flows;
			sourceTree = "<group>";
		};
		F4CBAB682A0C0B7E00C9AF60 /* Main */ = {
			isa = PBXGroup;
			children = (
				F4CBAB5A2A0C0A7C00C9AF60 /* MainView.swift */,
				F4CBAB842A0D0DAD00C9AF60 /* ContentViews */,
			);
			path = Main;
			sourceTree = "<group>";
		};
		F4CBAB692A0C0B9500C9AF60 /* Resources */ = {
			isa = PBXGroup;
			children = (
				F4CBAB5C2A0C0A7D00C9AF60 /* Assets.xcassets */,
			);
			path = Resources;
			sourceTree = "<group>";
		};
		F4CBAB6D2A0C0C3A00C9AF60 /* Models */ = {
			isa = PBXGroup;
			children = (
				F4FB5B412A0D3CAF00361BF3 /* RstColor.swift */,
				F4CBAB702A0C138A00C9AF60 /* ScheduleItem.swift */,
				F4CBAB722A0C15A600C9AF60 /* Facility.swift */,
				F4CBAB742A0C17F900C9AF60 /* CategoryItem.swift */,
				F4CBAB7C2A0CDD1200C9AF60 /* APIDataResult.swift */,
				F4CBAB8A2A0D302000C9AF60 /* AppConst.swift */,
			);
			path = Models;
			sourceTree = "<group>";
		};
		F4CBAB762A0CA2B200C9AF60 /* Extensions */ = {
			isa = PBXGroup;
			children = (
				F4CBAB772A0CA37B00C9AF60 /* Color+Ext.swift */,
			);
			path = Extensions;
			sourceTree = "<group>";
		};
		F4CBAB792A0CD8BD00C9AF60 /* Category */ = {
			isa = PBXGroup;
			children = (
				F4CBAB7A2A0CD96C00C9AF60 /* CategoryView.swift */,
				F4CBAB872A0D185200C9AF60 /* ContentViews */,
			);
			path = Category;
			sourceTree = "<group>";
		};
		F4CBAB7E2A0CF26A00C9AF60 /* Services */ = {
			isa = PBXGroup;
			children = (
				F4CBAB7F2A0CF27700C9AF60 /* Network */,
			);
			path = Services;
			sourceTree = "<group>";
		};
		F4CBAB7F2A0CF27700C9AF60 /* Network */ = {
			isa = PBXGroup;
			children = (
				F4CBAB802A0CF29F00C9AF60 /* DataApi.swift */,
				F4CBAB822A0CF62B00C9AF60 /* NetworkService.swift */,
			);
			path = Network;
			sourceTree = "<group>";
		};
		F4CBAB842A0D0DAD00C9AF60 /* ContentViews */ = {
			isa = PBXGroup;
			children = (
				F4CBAB852A0D0DF000C9AF60 /* CategoryRowView.swift */,
			);
			path = ContentViews;
			sourceTree = "<group>";
		};
		F4CBAB872A0D185200C9AF60 /* ContentViews */ = {
			isa = PBXGroup;
			children = (
				F4CBAB882A0D187F00C9AF60 /* FacilityRowView.swift */,
			);
			path = ContentViews;
			sourceTree = "<group>";
		};
		F4FB5B432A0D3EAA00361BF3 /* Styles */ = {
			isa = PBXGroup;
			children = (
				F4FB5B442A0D3EC000361BF3 /* IfModifier.swift */,
			);
			path = Styles;
			sourceTree = "<group>";
		};
/* End PBXGroup section */

/* Begin PBXNativeTarget section */
		F4CBAB542A0C0A7C00C9AF60 /* rstApp */ = {
			isa = PBXNativeTarget;
			buildConfigurationList = F4CBAB632A0C0A7D00C9AF60 /* Build configuration list for PBXNativeTarget "rstApp" */;
			buildPhases = (
				F4CBAB512A0C0A7C00C9AF60 /* Sources */,
				F4CBAB522A0C0A7C00C9AF60 /* Frameworks */,
				F4CBAB532A0C0A7C00C9AF60 /* Resources */,
			);
			buildRules = (
			);
			dependencies = (
			);
			name = rstApp;
			packageProductDependencies = (
				F4CBAB6B2A0C0C2000C9AF60 /* SDWebImageSwiftUI */,
			);
			productName = rstApp;
			productReference = F4CBAB552A0C0A7C00C9AF60 /* rstApp.app */;
			productType = "com.apple.product-type.application";
		};
/* End PBXNativeTarget section */

/* Begin PBXProject section */
		F4CBAB4D2A0C0A7C00C9AF60 /* Project object */ = {
			isa = PBXProject;
			attributes = {
				BuildIndependentTargetsInParallel = 1;
				LastSwiftUpdateCheck = 1430;
				LastUpgradeCheck = 1430;
				TargetAttributes = {
					F4CBAB542A0C0A7C00C9AF60 = {
						CreatedOnToolsVersion = 14.3;
					};
				};
			};
			buildConfigurationList = F4CBAB502A0C0A7C00C9AF60 /* Build configuration list for PBXProject "rstApp" */;
			compatibilityVersion = "Xcode 14.0";
			developmentRegion = en;
			hasScannedForEncodings = 0;
			knownRegions = (
				en,
				Base,
			);
			mainGroup = F4CBAB4C2A0C0A7C00C9AF60;
			packageReferences = (
				F4CBAB6A2A0C0C2000C9AF60 /* XCRemoteSwiftPackageReference "SDWebImageSwiftUI" */,
			);
			productRefGroup = F4CBAB562A0C0A7C00C9AF60 /* Products */;
			projectDirPath = "";
			projectRoot = "";
			targets = (
				F4CBAB542A0C0A7C00C9AF60 /* rstApp */,
			);
		};
/* End PBXProject section */

/* Begin PBXResourcesBuildPhase section */
		F4CBAB532A0C0A7C00C9AF60 /* Resources */ = {
			isa = PBXResourcesBuildPhase;
			buildActionMask = 2147483647;
			files = (
				F4CBAB602A0C0A7D00C9AF60 /* Preview Assets.xcassets in Resources */,
				F4CBAB5D2A0C0A7D00C9AF60 /* Assets.xcassets in Resources */,
			);
			runOnlyForDeploymentPostprocessing = 0;
		};
/* End PBXResourcesBuildPhase section */

/* Begin PBXSourcesBuildPhase section */
		F4CBAB512A0C0A7C00C9AF60 /* Sources */ = {
			isa = PBXSourcesBuildPhase;
			buildActionMask = 2147483647;
			files = (
				F4CBAB832A0CF62B00C9AF60 /* NetworkService.swift in Sources */,
				F4CBAB812A0CF29F00C9AF60 /* DataApi.swift in Sources */,
				F4CBAB6F2A0C104300C9AF60 /* AppDelegate.swift in Sources */,
				F4CBAB8B2A0D302000C9AF60 /* AppConst.swift in Sources */,
				F4FB5B422A0D3CAF00361BF3 /* RstColor.swift in Sources */,
				F4CBAB782A0CA37B00C9AF60 /* Color+Ext.swift in Sources */,
				F4CBAB712A0C138A00C9AF60 /* ScheduleItem.swift in Sources */,
				F4CBAB862A0D0DF000C9AF60 /* CategoryRowView.swift in Sources */,
				F4CBAB732A0C15A600C9AF60 /* Facility.swift in Sources */,
				F4FB5B452A0D3EC000361BF3 /* IfModifier.swift in Sources */,
				F4CBAB7D2A0CDD1200C9AF60 /* APIDataResult.swift in Sources */,
				F4CBAB5B2A0C0A7C00C9AF60 /* MainView.swift in Sources */,
				F4CBAB892A0D187F00C9AF60 /* FacilityRowView.swift in Sources */,
				F4CBAB752A0C17F900C9AF60 /* CategoryItem.swift in Sources */,
				F4CBAB7B2A0CD96C00C9AF60 /* CategoryView.swift in Sources */,
				F4CBAB592A0C0A7C00C9AF60 /* rstAppApp.swift in Sources */,
			);
			runOnlyForDeploymentPostprocessing = 0;
		};
/* End PBXSourcesBuildPhase section */

/* Begin XCBuildConfiguration section */
		F4CBAB612A0C0A7D00C9AF60 /* Debug */ = {
			isa = XCBuildConfiguration;
			buildSettings = {
				ALWAYS_SEARCH_USER_PATHS = NO;
				CLANG_ANALYZER_NONNULL = YES;
				CLANG_ANALYZER_NUMBER_OBJECT_CONVERSION = YES_AGGRESSIVE;
				CLANG_CXX_LANGUAGE_STANDARD = "gnu++20";
				CLANG_ENABLE_MODULES = YES;
				CLANG_ENABLE_OBJC_ARC = YES;
				CLANG_ENABLE_OBJC_WEAK = YES;
				CLANG_WARN_BLOCK_CAPTURE_AUTORELEASING = YES;
				CLANG_WARN_BOOL_CONVERSION = YES;
				CLANG_WARN_COMMA = YES;
				CLANG_WARN_CONSTANT_CONVERSION = YES;
				CLANG_WARN_DEPRECATED_OBJC_IMPLEMENTATIONS = YES;
				CLANG_WARN_DIRECT_OBJC_ISA_USAGE = YES_ERROR;
				CLANG_WARN_DOCUMENTATION_COMMENTS = YES;
				CLANG_WARN_EMPTY_BODY = YES;
				CLANG_WARN_ENUM_CONVERSION = YES;
				CLANG_WARN_INFINITE_RECURSION = YES;
				CLANG_WARN_INT_CONVERSION = YES;
				CLANG_WARN_NON_LITERAL_NULL_CONVERSION = YES;
				CLANG_WARN_OBJC_IMPLICIT_RETAIN_SELF = YES;
				CLANG_WARN_OBJC_LITERAL_CONVERSION = YES;
				CLANG_WARN_OBJC_ROOT_CLASS = YES_ERROR;
				CLANG_WARN_QUOTED_INCLUDE_IN_FRAMEWORK_HEADER = YES;
				CLANG_WARN_RANGE_LOOP_ANALYSIS = YES;
				CLANG_WARN_STRICT_PROTOTYPES = YES;
				CLANG_WARN_SUSPICIOUS_MOVE = YES;
				CLANG_WARN_UNGUARDED_AVAILABILITY = YES_AGGRESSIVE;
				CLANG_WARN_UNREACHABLE_CODE = YES;
				CLANG_WARN__DUPLICATE_METHOD_MATCH = YES;
				COPY_PHASE_STRIP = NO;
				DEBUG_INFORMATION_FORMAT = dwarf;
				ENABLE_STRICT_OBJC_MSGSEND = YES;
				ENABLE_TESTABILITY = YES;
				GCC_C_LANGUAGE_STANDARD = gnu11;
				GCC_DYNAMIC_NO_PIC = NO;
				GCC_NO_COMMON_BLOCKS = YES;
				GCC_OPTIMIZATION_LEVEL = 0;
				GCC_PREPROCESSOR_DEFINITIONS = (
					"DEBUG=1",
					"$(inherited)",
				);
				GCC_WARN_64_TO_32_BIT_CONVERSION = YES;
				GCC_WARN_ABOUT_RETURN_TYPE = YES_ERROR;
				GCC_WARN_UNDECLARED_SELECTOR = YES;
				GCC_WARN_UNINITIALIZED_AUTOS = YES_AGGRESSIVE;
				GCC_WARN_UNUSED_FUNCTION = YES;
				GCC_WARN_UNUSED_VARIABLE = YES;
				IPHONEOS_DEPLOYMENT_TARGET = 15.0;
				MTL_ENABLE_DEBUG_INFO = INCLUDE_SOURCE;
				MTL_FAST_MATH = YES;
				ONLY_ACTIVE_ARCH = YES;
				SDKROOT = iphoneos;
				SWIFT_ACTIVE_COMPILATION_CONDITIONS = DEBUG;
				SWIFT_OPTIMIZATION_LEVEL = "-Onone";
			};
			name = Debug;
		};
		F4CBAB622A0C0A7D00C9AF60 /* Release */ = {
			isa = XCBuildConfiguration;
			buildSettings = {
				ALWAYS_SEARCH_USER_PATHS = NO;
				CLANG_ANALYZER_NONNULL = YES;
				CLANG_ANALYZER_NUMBER_OBJECT_CONVERSION = YES_AGGRESSIVE;
				CLANG_CXX_LANGUAGE_STANDARD = "gnu++20";
				CLANG_ENABLE_MODULES = YES;
				CLANG_ENABLE_OBJC_ARC = YES;
				CLANG_ENABLE_OBJC_WEAK = YES;
				CLANG_WARN_BLOCK_CAPTURE_AUTORELEASING = YES;
				CLANG_WARN_BOOL_CONVERSION = YES;
				CLANG_WARN_COMMA = YES;
				CLANG_WARN_CONSTANT_CONVERSION = YES;
				CLANG_WARN_DEPRECATED_OBJC_IMPLEMENTATIONS = YES;
				CLANG_WARN_DIRECT_OBJC_ISA_USAGE = YES_ERROR;
				CLANG_WARN_DOCUMENTATION_COMMENTS = YES;
				CLANG_WARN_EMPTY_BODY = YES;
				CLANG_WARN_ENUM_CONVERSION = YES;
				CLANG_WARN_INFINITE_RECURSION = YES;
				CLANG_WARN_INT_CONVERSION = YES;
				CLANG_WARN_NON_LITERAL_NULL_CONVERSION = YES;
				CLANG_WARN_OBJC_IMPLICIT_RETAIN_SELF = YES;
				CLANG_WARN_OBJC_LITERAL_CONVERSION = YES;
				CLANG_WARN_OBJC_ROOT_CLASS = YES_ERROR;
				CLANG_WARN_QUOTED_INCLUDE_IN_FRAMEWORK_HEADER = YES;
				CLANG_WARN_RANGE_LOOP_ANALYSIS = YES;
				CLANG_WARN_STRICT_PROTOTYPES = YES;
				CLANG_WARN_SUSPICIOUS_MOVE = YES;
				CLANG_WARN_UNGUARDED_AVAILABILITY = YES_AGGRESSIVE;
				CLANG_WARN_UNREACHABLE_CODE = YES;
				CLANG_WARN__DUPLICATE_METHOD_MATCH = YES;
				COPY_PHASE_STRIP = NO;
				DEBUG_INFORMATION_FORMAT = "dwarf-with-dsym";
				ENABLE_NS_ASSERTIONS = NO;
				ENABLE_STRICT_OBJC_MSGSEND = YES;
				GCC_C_LANGUAGE_STANDARD = gnu11;
				GCC_NO_COMMON_BLOCKS = YES;
				GCC_WARN_64_TO_32_BIT_CONVERSION = YES;
				GCC_WARN_ABOUT_RETURN_TYPE = YES_ERROR;
				GCC_WARN_UNDECLARED_SELECTOR = YES;
				GCC_WARN_UNINITIALIZED_AUTOS = YES_AGGRESSIVE;
				GCC_WARN_UNUSED_FUNCTION = YES;
				GCC_WARN_UNUSED_VARIABLE = YES;
				IPHONEOS_DEPLOYMENT_TARGET = 15.0;
				MTL_ENABLE_DEBUG_INFO = NO;
				MTL_FAST_MATH = YES;
				SDKROOT = iphoneos;
				SWIFT_COMPILATION_MODE = wholemodule;
				SWIFT_OPTIMIZATION_LEVEL = "-O";
				VALIDATE_PRODUCT = YES;
			};
			name = Release;
		};
		F4CBAB642A0C0A7D00C9AF60 /* Debug */ = {
			isa = XCBuildConfiguration;
			buildSettings = {
				ASSETCATALOG_COMPILER_APPICON_NAME = AppIcon;
				ASSETCATALOG_COMPILER_GLOBAL_ACCENT_COLOR_NAME = AccentColor;
				CODE_SIGN_STYLE = Automatic;
				CURRENT_PROJECT_VERSION = 1;
				DEVELOPMENT_ASSET_PATHS = "\"rstApp/Preview Content\"";
				DEVELOPMENT_TEAM = YKX9VWS6ZS;
				ENABLE_PREVIEWS = YES;
				GENERATE_INFOPLIST_FILE = YES;
				INFOPLIST_FILE = rstApp/Info.plist;
				INFOPLIST_KEY_UIApplicationSceneManifest_Generation = YES;
				INFOPLIST_KEY_UIApplicationSupportsIndirectInputEvents = YES;
				INFOPLIST_KEY_UILaunchScreen_Generation = YES;
				INFOPLIST_KEY_UISupportedInterfaceOrientations = UIInterfaceOrientationPortrait;
				INFOPLIST_KEY_UISupportedInterfaceOrientations_iPad = "UIInterfaceOrientationLandscapeLeft UIInterfaceOrientationLandscapeRight UIInterfaceOrientationPortrait";
				IPHONEOS_DEPLOYMENT_TARGET = 15.0;
				LD_RUNPATH_SEARCH_PATHS = (
					"$(inherited)",
					"@executable_path/Frameworks",
				);
				MARKETING_VERSION = 1.0;
				PRODUCT_BUNDLE_IDENTIFIER = com.grigorystolyarov.rstApp;
				PRODUCT_NAME = "$(TARGET_NAME)";
				SUPPORTED_PLATFORMS = "iphoneos iphonesimulator";
				SUPPORTS_MACCATALYST = NO;
				SUPPORTS_MAC_DESIGNED_FOR_IPHONE_IPAD = NO;
				SWIFT_EMIT_LOC_STRINGS = YES;
				SWIFT_VERSION = 5.0;
				TARGETED_DEVICE_FAMILY = 1;
			};
			name = Debug;
		};
		F4CBAB652A0C0A7D00C9AF60 /* Release */ = {
			isa = XCBuildConfiguration;
			buildSettings = {
				ASSETCATALOG_COMPILER_APPICON_NAME = AppIcon;
				ASSETCATALOG_COMPILER_GLOBAL_ACCENT_COLOR_NAME = AccentColor;
				CODE_SIGN_STYLE = Automatic;
				CURRENT_PROJECT_VERSION = 1;
				DEVELOPMENT_ASSET_PATHS = "\"rstApp/Preview Content\"";
				DEVELOPMENT_TEAM = YKX9VWS6ZS;
				ENABLE_PREVIEWS = YES;
				GENERATE_INFOPLIST_FILE = YES;
				INFOPLIST_FILE = rstApp/Info.plist;
				INFOPLIST_KEY_UIApplicationSceneManifest_Generation = YES;
				INFOPLIST_KEY_UIApplicationSupportsIndirectInputEvents = YES;
				INFOPLIST_KEY_UILaunchScreen_Generation = YES;
				INFOPLIST_KEY_UISupportedInterfaceOrientations = UIInterfaceOrientationPortrait;
				INFOPLIST_KEY_UISupportedInterfaceOrientations_iPad = "UIInterfaceOrientationLandscapeLeft UIInterfaceOrientationLandscapeRight UIInterfaceOrientationPortrait";
				IPHONEOS_DEPLOYMENT_TARGET = 15.0;
				LD_RUNPATH_SEARCH_PATHS = (
					"$(inherited)",
					"@executable_path/Frameworks",
				);
				MARKETING_VERSION = 1.0;
				PRODUCT_BUNDLE_IDENTIFIER = com.grigorystolyarov.rstApp;
				PRODUCT_NAME = "$(TARGET_NAME)";
				SUPPORTED_PLATFORMS = "iphoneos iphonesimulator";
				SUPPORTS_MACCATALYST = NO;
				SUPPORTS_MAC_DESIGNED_FOR_IPHONE_IPAD = NO;
				SWIFT_EMIT_LOC_STRINGS = YES;
				SWIFT_VERSION = 5.0;
				TARGETED_DEVICE_FAMILY = 1;
			};
			name = Release;
		};
/* End XCBuildConfiguration section */

/* Begin XCConfigurationList section */
		F4CBAB502A0C0A7C00C9AF60 /* Build configuration list for PBXProject "rstApp" */ = {
			isa = XCConfigurationList;
			buildConfigurations = (
				F4CBAB612A0C0A7D00C9AF60 /* Debug */,
				F4CBAB622A0C0A7D00C9AF60 /* Release */,
			);
			defaultConfigurationIsVisible = 0;
			defaultConfigurationName = Release;
		};
		F4CBAB632A0C0A7D00C9AF60 /* Build configuration list for PBXNativeTarget "rstApp" */ = {
			isa = XCConfigurationList;
			buildConfigurations = (
				F4CBAB642A0C0A7D00C9AF60 /* Debug */,
				F4CBAB652A0C0A7D00C9AF60 /* Release */,
			);
			defaultConfigurationIsVisible = 0;
			defaultConfigurationName = Release;
		};
/* End XCConfigurationList section */

/* Begin XCRemoteSwiftPackageReference section */
		F4CBAB6A2A0C0C2000C9AF60 /* XCRemoteSwiftPackageReference "SDWebImageSwiftUI" */ = {
			isa = XCRemoteSwiftPackageReference;
			repositoryURL = "https://github.com/SDWebImage/SDWebImageSwiftUI.git";
			requirement = {
				kind = upToNextMinorVersion;
				minimumVersion = 2.2.0;
			};
		};
/* End XCRemoteSwiftPackageReference section */

/* Begin XCSwiftPackageProductDependency section */
		F4CBAB6B2A0C0C2000C9AF60 /* SDWebImageSwiftUI */ = {
			isa = XCSwiftPackageProductDependency;
			package = F4CBAB6A2A0C0C2000C9AF60 /* XCRemoteSwiftPackageReference "SDWebImageSwiftUI" */;
			productName = SDWebImageSwiftUI;
		};
/* End XCSwiftPackageProductDependency section */
	};
	rootObject = F4CBAB4D2A0C0A7C00C9AF60 /* Project object */;
}
